
Microsoft Visual Studio Solution File, Format Version 12.00
# Visual Studio 15
VisualStudioVersion = 15.0.27428.2043
MinimumVisualStudioVersion = 10.0.40219.1
Project("{888888A0-9F3D-457C-B088-3A5042F75D52}") = "dataBase", "dataBase.pyproj", "{38D0F582-3060-48A1-842D-51487AE8D9DB}"
EndProject
Global
	GlobalSection(SolutionConfigurationPlatforms) = preSolution
		Debug|Any CPU = Debug|Any CPU
		Release|Any CPU = Release|Any CPU
	EndGlobalSection
	GlobalSection(ProjectConfigurationPlatforms) = postSolution
		{38D0F582-3060-48A1-842D-51487AE8D9DB}.Debug|Any CPU.ActiveCfg = Debug|Any CPU
		{38D0F582-3060-48A1-842D-51487AE8D9DB}.Release|Any CPU.ActiveCfg = Release|Any CPU
	EndGlobalSection
	GlobalSection(SolutionProperties) = preSolution
		HideSolutionNode = FALSE
	EndGlobalSection
	GlobalSection(ExtensibilityGlobals) = postSolution
		SolutionGuid = {5E776C56-ED3C-4EB6-A0BB-FA56551977F5}
	EndGlobalSection
EndGlobal
